
Microsoft Visual Studio Solution File, Format Version 12.00
# Visual Studio Version 17
VisualStudioVersion = 17.11.35222.181
MinimumVisualStudioVersion = 10.0.40219.1
Project("{FAE04EC0-301F-11D3-BF4B-00C04F79EFBC}") = "B3.API", "src\B3.API\B3.API.csproj", "{5ECE27C3-D4EA-46D0-A777-8ED5A0C12039}"
EndProject
Project("{FAE04EC0-301F-11D3-BF4B-00C04F79EFBC}") = "B3.Domain", "src\B3.Domain\B3.Domain.csproj", "{4F2EAEE6-1772-4CC1-AD08-E8AE293E90F8}"
EndProject
Project("{FAE04EC0-301F-11D3-BF4B-00C04F79EFBC}") = "B3.Infrastructure", "src\B3.Infrastructure\B3.Infrastructure.csproj", "{69304E60-9445-4DBF-9850-025F267D1E7C}"
EndProject
Project("{FAE04EC0-301F-11D3-BF4B-00C04F79EFBC}") = "B3.Common", "src\B3.Common\B3.Common.csproj", "{F654BED9-726A-41B1-8034-0DB9A4E2C313}"
EndProject
Project("{FAE04EC0-301F-11D3-BF4B-00C04F79EFBC}") = "B3.Application", "src\B3.Application\B3.Application.csproj", "{8D337B48-635B-4039-A454-D58FA65929B3}"
EndProject
Global
	GlobalSection(SolutionConfigurationPlatforms) = preSolution
		Debug|Any CPU = Debug|Any CPU
		Release|Any CPU = Release|Any CPU
	EndGlobalSection
	GlobalSection(ProjectConfigurationPlatforms) = postSolution
		{5ECE27C3-D4EA-46D0-A777-8ED5A0C12039}.Debug|Any CPU.ActiveCfg = Debug|Any CPU
		{5ECE27C3-D4EA-46D0-A777-8ED5A0C12039}.Debug|Any CPU.Build.0 = Debug|Any CPU
		{5ECE27C3-D4EA-46D0-A777-8ED5A0C12039}.Release|Any CPU.ActiveCfg = Release|Any CPU
		{5ECE27C3-D4EA-46D0-A777-8ED5A0C12039}.Release|Any CPU.Build.0 = Release|Any CPU
		{4F2EAEE6-1772-4CC1-AD08-E8AE293E90F8}.Debug|Any CPU.ActiveCfg = Debug|Any CPU
		{4F2EAEE6-1772-4CC1-AD08-E8AE293E90F8}.Debug|Any CPU.Build.0 = Debug|Any CPU
		{4F2EAEE6-1772-4CC1-AD08-E8AE293E90F8}.Release|Any CPU.ActiveCfg = Release|Any CPU
		{4F2EAEE6-1772-4CC1-AD08-E8AE293E90F8}.Release|Any CPU.Build.0 = Release|Any CPU
		{69304E60-9445-4DBF-9850-025F267D1E7C}.Debug|Any CPU.ActiveCfg = Debug|Any CPU
		{69304E60-9445-4DBF-9850-025F267D1E7C}.Debug|Any CPU.Build.0 = Debug|Any CPU
		{69304E60-9445-4DBF-9850-025F267D1E7C}.Release|Any CPU.ActiveCfg = Release|Any CPU
		{69304E60-9445-4DBF-9850-025F267D1E7C}.Release|Any CPU.Build.0 = Release|Any CPU
		{F654BED9-726A-41B1-8034-0DB9A4E2C313}.Debug|Any CPU.ActiveCfg = Debug|Any CPU
		{F654BED9-726A-41B1-8034-0DB9A4E2C313}.Debug|Any CPU.Build.0 = Debug|Any CPU
		{F654BED9-726A-41B1-8034-0DB9A4E2C313}.Release|Any CPU.ActiveCfg = Release|Any CPU
		{F654BED9-726A-41B1-8034-0DB9A4E2C313}.Release|Any CPU.Build.0 = Release|Any CPU
		{8D337B48-635B-4039-A454-D58FA65929B3}.Debug|Any CPU.ActiveCfg = Debug|Any CPU
		{8D337B48-635B-4039-A454-D58FA65929B3}.Debug|Any CPU.Build.0 = Debug|Any CPU
		{8D337B48-635B-4039-A454-D58FA65929B3}.Release|Any CPU.ActiveCfg = Release|Any CPU
		{8D337B48-635B-4039-A454-D58FA65929B3}.Release|Any CPU.Build.0 = Release|Any CPU
	EndGlobalSection
	GlobalSection(SolutionProperties) = preSolution
		HideSolutionNode = FALSE
	EndGlobalSection
	GlobalSection(ExtensibilityGlobals) = postSolution
		SolutionGuid = {6A2218F7-7BED-4D41-996D-8C9DA81157F1}
	EndGlobalSection
EndGlobal
